
Microsoft Visual Studio Solution File, Format Version 12.00
# Visual Studio Version 16
VisualStudioVersion = 16.0.30907.101
MinimumVisualStudioVersion = 10.0.40219.1
Project("{FAE04EC0-301F-11D3-BF4B-00C04F79EFBC}") = "LearningHub", "LearningHub\LearningHub.csproj", "{3C28C05C-C782-4288-BBA5-306F96EA2767}"
EndProject
Global
	GlobalSection(SolutionConfigurationPlatforms) = preSolution
		Debug|Any CPU = Debug|Any CPU
		Release|Any CPU = Release|Any CPU
	EndGlobalSection
	GlobalSection(ProjectConfigurationPlatforms) = postSolution
		{3C28C05C-C782-4288-BBA5-306F96EA2767}.Debug|Any CPU.ActiveCfg = Debug|Any CPU
		{3C28C05C-C782-4288-BBA5-306F96EA2767}.Debug|Any CPU.Build.0 = Debug|Any CPU
		{3C28C05C-C782-4288-BBA5-306F96EA2767}.Release|Any CPU.ActiveCfg = Release|Any CPU
		{3C28C05C-C782-4288-BBA5-306F96EA2767}.Release|Any CPU.Build.0 = Release|Any CPU
	EndGlobalSection
	GlobalSection(SolutionProperties) = preSolution
		HideSolutionNode = FALSE
	EndGlobalSection
	GlobalSection(ExtensibilityGlobals) = postSolution
		SolutionGuid = {ECC62C34-BBF8-4BB0-AB9F-13546899C6CB}
	EndGlobalSection
EndGlobal
